hash: 1c4d85c3f8fd9d660ff5a4d29026551dbf8be2357b6943cc2e3d8b9f9bb457f5
updated: 2017-08-14T14:06:58.7054844+05:30
imports:
- name: github.com/denisenkom/go-mssqldb
  version: 84dc5e6cc4a674abe81be5bf7835f4ae3dced817
- name: github.com/gin-gonic/gin
  version: 52c2ed34b3256727a0aeac5e57129eb788bac045
- name: runner
  version: a389e07c3a51329c5655814dc17741079ed4324f
  repo: ssh://git@pie6.rtp.lab.emc.com/bigd/runner.git
testImports:
- name: github.com/onsi/ginkgo
  version: 9eda700730cba42af70d53180f9dcce9266bc2bc
- name: github.com/onsi/gomega
  version: c893efa28eb45626cdaa76c9f653b62488858837
